
Microsoft Visual Studio Solution File, Format Version 12.00
# Visual Studio Version 16
VisualStudioVersion = 16.0.28803.156
MinimumVisualStudioVersion = 10.0.40219.1
Project("{FAE04EC0-301F-11D3-BF4B-00C04F79EFBC}") = "jxsUI", "jxsUI\jxsUI.csproj", "{883BD168-0242-42F7-8E01-13F9C59A9CFE}"
EndProject
Project("{FAE04EC0-301F-11D3-BF4B-00C04F79EFBC}") = "jxs", "..\jxs\jxs.csproj", "{51E738C8-350F-4879-855E-287D72E6C7C0}"
EndProject
Project("{FAE04EC0-301F-11D3-BF4B-00C04F79EFBC}") = "jxsData", "..\jxsData\jxsData.csproj", "{E2E060D7-3E4C-40DF-A2C4-6DC7E8C10335}"
EndProject
Global
	GlobalSection(SolutionConfigurationPlatforms) = preSolution
		Debug|Any CPU = Debug|Any CPU
		Release|Any CPU = Release|Any CPU
	EndGlobalSection
	GlobalSection(ProjectConfigurationPlatforms) = postSolution
		{883BD168-0242-42F7-8E01-13F9C59A9CFE}.Debug|Any CPU.ActiveCfg = Debug|Any CPU
		{883BD168-0242-42F7-8E01-13F9C59A9CFE}.Debug|Any CPU.Build.0 = Debug|Any CPU
		{883BD168-0242-42F7-8E01-13F9C59A9CFE}.Release|Any CPU.ActiveCfg = Release|Any CPU
		{883BD168-0242-42F7-8E01-13F9C59A9CFE}.Release|Any CPU.Build.0 = Release|Any CPU
		{51E738C8-350F-4879-855E-287D72E6C7C0}.Debug|Any CPU.ActiveCfg = Debug|Any CPU
		{51E738C8-350F-4879-855E-287D72E6C7C0}.Debug|Any CPU.Build.0 = Debug|Any CPU
		{51E738C8-350F-4879-855E-287D72E6C7C0}.Release|Any CPU.ActiveCfg = Release|Any CPU
		{51E738C8-350F-4879-855E-287D72E6C7C0}.Release|Any CPU.Build.0 = Release|Any CPU
		{E2E060D7-3E4C-40DF-A2C4-6DC7E8C10335}.Debug|Any CPU.ActiveCfg = Debug|Any CPU
		{E2E060D7-3E4C-40DF-A2C4-6DC7E8C10335}.Debug|Any CPU.Build.0 = Debug|Any CPU
		{E2E060D7-3E4C-40DF-A2C4-6DC7E8C10335}.Release|Any CPU.ActiveCfg = Release|Any CPU
		{E2E060D7-3E4C-40DF-A2C4-6DC7E8C10335}.Release|Any CPU.Build.0 = Release|Any CPU
	EndGlobalSection
	GlobalSection(SolutionProperties) = preSolution
		HideSolutionNode = FALSE
	EndGlobalSection
	GlobalSection(ExtensibilityGlobals) = postSolution
		SolutionGuid = {7F56015E-EA68-4106-9E01-B14BC929C66C}
	EndGlobalSection
EndGlobal
